
Microsoft Visual Studio Solution File, Format Version 12.00
# Visual Studio Version 16
VisualStudioVersion = 16.0.33130.400
MinimumVisualStudioVersion = 10.0.40219.1
Project("{FAE04EC0-301F-11D3-BF4B-00C04F79EFBC}") = "MvvmDemo", "MvvmDemo\MvvmDemo.csproj", "{633EEFDA-34DD-4CA3-A9C3-72CE9323CF6C}"
EndProject
Global
	GlobalSection(SolutionConfigurationPlatforms) = preSolution
		Debug|Any CPU = Debug|Any CPU
		Release|Any CPU = Release|Any CPU
	EndGlobalSection
	GlobalSection(ProjectConfigurationPlatforms) = postSolution
		{633EEFDA-34DD-4CA3-A9C3-72CE9323CF6C}.Debug|Any CPU.ActiveCfg = Debug|Any CPU
		{633EEFDA-34DD-4CA3-A9C3-72CE9323CF6C}.Debug|Any CPU.Build.0 = Debug|Any CPU
		{633EEFDA-34DD-4CA3-A9C3-72CE9323CF6C}.Release|Any CPU.ActiveCfg = Release|Any CPU
		{633EEFDA-34DD-4CA3-A9C3-72CE9323CF6C}.Release|Any CPU.Build.0 = Release|Any CPU
	EndGlobalSection
	GlobalSection(SolutionProperties) = preSolution
		HideSolutionNode = FALSE
	EndGlobalSection
	GlobalSection(ExtensibilityGlobals) = postSolution
		SolutionGuid = {57C3F52B-D618-426C-B114-B123499D4958}
	EndGlobalSection
EndGlobal
